
Microsoft Visual Studio Solution File, Format Version 9.00
# Visual Studio 2005
Project("{FAE04EC0-301F-11D3-BF4B-00C04F79EFBC}") = "music_tagger", "music_tagger\music_tagger.csproj", "{A11AF47A-B01C-425C-BA75-40686C5B397E}"
EndProject
Project("{FAE04EC0-301F-11D3-BF4B-00C04F79EFBC}") = "XPExplorerBar", "XPExplorerBar VS2005\XPExplorerBar.csproj", "{D4B2101F-AF3A-4E28-B3BE-6F69C131BFB5}"
EndProject
Project("{FAE04EC0-301F-11D3-BF4B-00C04F79EFBC}") = "Tools", "Tools\Tools.csproj", "{159597FE-1BA8-4542-9528-1A81F771C7D1}"
EndProject
Project("{54435603-DBB4-11D2-8724-00A0C9A8B90C}") = "Setup", "Setup\Setup.vdproj", "{A3868F8D-8374-4F8C-9561-6BD94CECF191}"
EndProject
Global
	GlobalSection(TextTemplating) = postSolution
		TextTemplating = 1
	EndGlobalSection
	GlobalSection(SolutionConfigurationPlatforms) = preSolution
		Debug|Any CPU = Debug|Any CPU
		Deploy_Debug|Any CPU = Deploy_Debug|Any CPU
		Release|Any CPU = Release|Any CPU
	EndGlobalSection
	GlobalSection(ProjectConfigurationPlatforms) = postSolution
		{A11AF47A-B01C-425C-BA75-40686C5B397E}.Debug|Any CPU.ActiveCfg = Debug|Any CPU
		{A11AF47A-B01C-425C-BA75-40686C5B397E}.Debug|Any CPU.Build.0 = Debug|Any CPU
		{A11AF47A-B01C-425C-BA75-40686C5B397E}.Deploy_Debug|Any CPU.ActiveCfg = Debug|Any CPU
		{A11AF47A-B01C-425C-BA75-40686C5B397E}.Deploy_Debug|Any CPU.Build.0 = Debug|Any CPU
		{A11AF47A-B01C-425C-BA75-40686C5B397E}.Release|Any CPU.ActiveCfg = Release|Any CPU
		{A11AF47A-B01C-425C-BA75-40686C5B397E}.Release|Any CPU.Build.0 = Release|Any CPU
		{D4B2101F-AF3A-4E28-B3BE-6F69C131BFB5}.Debug|Any CPU.ActiveCfg = Debug|Any CPU
		{D4B2101F-AF3A-4E28-B3BE-6F69C131BFB5}.Debug|Any CPU.Build.0 = Debug|Any CPU
		{D4B2101F-AF3A-4E28-B3BE-6F69C131BFB5}.Deploy_Debug|Any CPU.ActiveCfg = Debug|Any CPU
		{D4B2101F-AF3A-4E28-B3BE-6F69C131BFB5}.Deploy_Debug|Any CPU.Build.0 = Debug|Any CPU
		{D4B2101F-AF3A-4E28-B3BE-6F69C131BFB5}.Release|Any CPU.ActiveCfg = Release|Any CPU
		{D4B2101F-AF3A-4E28-B3BE-6F69C131BFB5}.Release|Any CPU.Build.0 = Release|Any CPU
		{159597FE-1BA8-4542-9528-1A81F771C7D1}.Debug|Any CPU.ActiveCfg = Debug|Any CPU
		{159597FE-1BA8-4542-9528-1A81F771C7D1}.Debug|Any CPU.Build.0 = Debug|Any CPU
		{159597FE-1BA8-4542-9528-1A81F771C7D1}.Deploy_Debug|Any CPU.ActiveCfg = Debug|Any CPU
		{159597FE-1BA8-4542-9528-1A81F771C7D1}.Deploy_Debug|Any CPU.Build.0 = Debug|Any CPU
		{159597FE-1BA8-4542-9528-1A81F771C7D1}.Release|Any CPU.ActiveCfg = Release|Any CPU
		{159597FE-1BA8-4542-9528-1A81F771C7D1}.Release|Any CPU.Build.0 = Release|Any CPU
		{A3868F8D-8374-4F8C-9561-6BD94CECF191}.Debug|Any CPU.ActiveCfg = Debug
		{A3868F8D-8374-4F8C-9561-6BD94CECF191}.Deploy_Debug|Any CPU.ActiveCfg = Debug
		{A3868F8D-8374-4F8C-9561-6BD94CECF191}.Release|Any CPU.ActiveCfg = Release
		{A3868F8D-8374-4F8C-9561-6BD94CECF191}.Release|Any CPU.Build.0 = Release
	EndGlobalSection
	GlobalSection(SolutionProperties) = preSolution
		HideSolutionNode = FALSE
	EndGlobalSection
EndGlobal
